
Microsoft Visual Studio Solution File, Format Version 12.00
# Visual Studio Version 17
VisualStudioVersion = 17.3.32929.385
MinimumVisualStudioVersion = 10.0.40219.1
Project("{FAE04EC0-301F-11D3-BF4B-00C04F79EFBC}") = "Customer Registry", "Customer Registry\Customer Registry.csproj", "{D89DAFDC-1B41-4DF4-8A71-890A79D7D4A4}"
EndProject
Global
	GlobalSection(SolutionConfigurationPlatforms) = preSolution
		Debug|Any CPU = Debug|Any CPU
		Release|Any CPU = Release|Any CPU
	EndGlobalSection
	GlobalSection(ProjectConfigurationPlatforms) = postSolution
		{D89DAFDC-1B41-4DF4-8A71-890A79D7D4A4}.Debug|Any CPU.ActiveCfg = Debug|Any CPU
		{D89DAFDC-1B41-4DF4-8A71-890A79D7D4A4}.Debug|Any CPU.Build.0 = Debug|Any CPU
		{D89DAFDC-1B41-4DF4-8A71-890A79D7D4A4}.Release|Any CPU.ActiveCfg = Release|Any CPU
		{D89DAFDC-1B41-4DF4-8A71-890A79D7D4A4}.Release|Any CPU.Build.0 = Release|Any CPU
	EndGlobalSection
	GlobalSection(SolutionProperties) = preSolution
		HideSolutionNode = FALSE
	EndGlobalSection
	GlobalSection(ExtensibilityGlobals) = postSolution
		SolutionGuid = {DFE5F108-27B4-4A45-8822-7005FC1E1B6A}
	EndGlobalSection
EndGlobal
