
Microsoft Visual Studio Solution File, Format Version 12.00
# Visual Studio Version 17
VisualStudioVersion = 17.3.32929.385
MinimumVisualStudioVersion = 10.0.40219.1
Project("{FAE04EC0-301F-11D3-BF4B-00C04F79EFBC}") = "Exercise 3b", "Exercise 3b\Exercise 3b.csproj", "{CF93E13B-46F7-4CC7-9023-7A8BE6F8CF4B}"
EndProject
Global
	GlobalSection(SolutionConfigurationPlatforms) = preSolution
		Debug|Any CPU = Debug|Any CPU
		Release|Any CPU = Release|Any CPU
	EndGlobalSection
	GlobalSection(ProjectConfigurationPlatforms) = postSolution
		{CF93E13B-46F7-4CC7-9023-7A8BE6F8CF4B}.Debug|Any CPU.ActiveCfg = Debug|Any CPU
		{CF93E13B-46F7-4CC7-9023-7A8BE6F8CF4B}.Debug|Any CPU.Build.0 = Debug|Any CPU
		{CF93E13B-46F7-4CC7-9023-7A8BE6F8CF4B}.Release|Any CPU.ActiveCfg = Release|Any CPU
		{CF93E13B-46F7-4CC7-9023-7A8BE6F8CF4B}.Release|Any CPU.Build.0 = Release|Any CPU
	EndGlobalSection
	GlobalSection(SolutionProperties) = preSolution
		HideSolutionNode = FALSE
	EndGlobalSection
	GlobalSection(ExtensibilityGlobals) = postSolution
		SolutionGuid = {72C6CBD4-7D41-44D2-95D1-FF7F251F79CF}
	EndGlobalSection
EndGlobal
