
Microsoft Visual Studio Solution File, Format Version 12.00
# Visual Studio Version 17
VisualStudioVersion = 17.4.33213.308
MinimumVisualStudioVersion = 10.0.40219.1
Project("{FAE04EC0-301F-11D3-BF4B-00C04F79EFBC}") = "The Control Tower - Delegates and Events", "The Control Tower - Delegates and Events.csproj", "{FAF829AE-B4CD-40BC-B9A5-7ABB9727E221}"
EndProject
Global
	GlobalSection(SolutionConfigurationPlatforms) = preSolution
		Debug|Any CPU = Debug|Any CPU
		Release|Any CPU = Release|Any CPU
	EndGlobalSection
	GlobalSection(ProjectConfigurationPlatforms) = postSolution
		{FAF829AE-B4CD-40BC-B9A5-7ABB9727E221}.Debug|Any CPU.ActiveCfg = Debug|Any CPU
		{FAF829AE-B4CD-40BC-B9A5-7ABB9727E221}.Debug|Any CPU.Build.0 = Debug|Any CPU
		{FAF829AE-B4CD-40BC-B9A5-7ABB9727E221}.Release|Any CPU.ActiveCfg = Release|Any CPU
		{FAF829AE-B4CD-40BC-B9A5-7ABB9727E221}.Release|Any CPU.Build.0 = Release|Any CPU
	EndGlobalSection
	GlobalSection(SolutionProperties) = preSolution
		HideSolutionNode = FALSE
	EndGlobalSection
	GlobalSection(ExtensibilityGlobals) = postSolution
		SolutionGuid = {39A9A7CC-0C25-4FE1-800E-8D709DF41AE0}
	EndGlobalSection
EndGlobal
